schemaVersion: 1
flyt:
  repository: https://github.com/WoogiBoogi1129/flyt_custom_for_k8s.git
  baselineCommit: 596a86939bae125d127a9ed6f70d92c332f47644
  patchDirectory: patches
pytorch:
  repository: https://github.com/pytorch/pytorch.git
  version: 2.11.0
  commit: 70d99e998b4955e0049d13a98d77ae1b14db1f45
toolchain:
  rust: 1.97.1
  cuda: 12.8.1
  cudnnMajor: 9
  cudaArchitectures: ["sm_120", "compute_120"]
images:
  cudaBuilder: docker.io/nvidia/cuda:12.8.1-cudnn-devel-ubuntu22.04@sha256:ad6d59a3bbf3e82c1c849c9ac09cfc2a3e0bbb8655042fd899be6681b3fe2a85
  mongodb: docker.io/library/mongo:7.0@sha256:444d798458e5aa40f3667230a9c631974fa169c32ae4a2d924658ac72b753122
  ubuntu: docker.io/library/ubuntu:22.04@sha256:3b06811b2afd352be909dd088a004166d665dc76d38b13eada33522a9d915c6f
  vmContainerDisk: quay.io/containerdisks/ubuntu@sha256:2fffdab355e5bede76ffbb362bb5751e9df100579f4313ea3e2077a5d5b3538a
validatedEnvironment:
  kubernetes: 1.34.x
  kubevirt: required
  nvidiaDraApi: resource.k8s.io/v1
  gpuArchitecture: NVIDIA Blackwell compute capability 12.0
